
Microsoft Visual Studio Solution File, Format Version 12.00
# Visual Studio Version 16
VisualStudioVersion = 16.0.30413.136
MinimumVisualStudioVersion = 10.0.40219.1
Project("{FAE04EC0-301F-11D3-BF4B-00C04F79EFBC}") = "Entidades", "ClassLibrary1\Entidades.csproj", "{4D46BBDD-B4D0-4E9D-AD7E-D6CF26639AE2}"
EndProject
Project("{FAE04EC0-301F-11D3-BF4B-00C04F79EFBC}") = "ConsolaDePruebas", "ConsolaDePruebas\ConsolaDePruebas.csproj", "{BF516584-016B-4C1C-B140-3FB5AE43F465}"
EndProject
Global
	GlobalSection(SolutionConfigurationPlatforms) = preSolution
		Debug|Any CPU = Debug|Any CPU
		Release|Any CPU = Release|Any CPU
	EndGlobalSection
	GlobalSection(ProjectConfigurationPlatforms) = postSolution
		{4D46BBDD-B4D0-4E9D-AD7E-D6CF26639AE2}.Debug|Any CPU.ActiveCfg = Debug|Any CPU
		{4D46BBDD-B4D0-4E9D-AD7E-D6CF26639AE2}.Debug|Any CPU.Build.0 = Debug|Any CPU
		{4D46BBDD-B4D0-4E9D-AD7E-D6CF26639AE2}.Release|Any CPU.ActiveCfg = Release|Any CPU
		{4D46BBDD-B4D0-4E9D-AD7E-D6CF26639AE2}.Release|Any CPU.Build.0 = Release|Any CPU
		{BF516584-016B-4C1C-B140-3FB5AE43F465}.Debug|Any CPU.ActiveCfg = Debug|Any CPU
		{BF516584-016B-4C1C-B140-3FB5AE43F465}.Debug|Any CPU.Build.0 = Debug|Any CPU
		{BF516584-016B-4C1C-B140-3FB5AE43F465}.Release|Any CPU.ActiveCfg = Release|Any CPU
		{BF516584-016B-4C1C-B140-3FB5AE43F465}.Release|Any CPU.Build.0 = Release|Any CPU
	EndGlobalSection
	GlobalSection(SolutionProperties) = preSolution
		HideSolutionNode = FALSE
	EndGlobalSection
	GlobalSection(ExtensibilityGlobals) = postSolution
		SolutionGuid = {6E398376-7247-472A-9E97-B47C35AFD03A}
	EndGlobalSection
EndGlobal
