
Microsoft Visual Studio Solution File, Format Version 12.00
# Visual Studio Version 16
VisualStudioVersion = 16.0.30611.23
MinimumVisualStudioVersion = 10.0.40219.1
Project("{FAE04EC0-301F-11D3-BF4B-00C04F79EFBC}") = "Modelo-Segundo-Parcial", "Modelo-Segundo-Parcial\Modelo-Segundo-Parcial.csproj", "{487116D2-B85A-407F-8E8F-3525EBC8D7A6}"
EndProject
Project("{FAE04EC0-301F-11D3-BF4B-00C04F79EFBC}") = "Entidades", "Entidades\Entidades.csproj", "{AD2B13A8-3CE4-48E0-9A71-44274AC1BF42}"
EndProject
Global
	GlobalSection(SolutionConfigurationPlatforms) = preSolution
		Debug|Any CPU = Debug|Any CPU
		Release|Any CPU = Release|Any CPU
	EndGlobalSection
	GlobalSection(ProjectConfigurationPlatforms) = postSolution
		{487116D2-B85A-407F-8E8F-3525EBC8D7A6}.Debug|Any CPU.ActiveCfg = Debug|Any CPU
		{487116D2-B85A-407F-8E8F-3525EBC8D7A6}.Debug|Any CPU.Build.0 = Debug|Any CPU
		{487116D2-B85A-407F-8E8F-3525EBC8D7A6}.Release|Any CPU.ActiveCfg = Release|Any CPU
		{487116D2-B85A-407F-8E8F-3525EBC8D7A6}.Release|Any CPU.Build.0 = Release|Any CPU
		{AD2B13A8-3CE4-48E0-9A71-44274AC1BF42}.Debug|Any CPU.ActiveCfg = Debug|Any CPU
		{AD2B13A8-3CE4-48E0-9A71-44274AC1BF42}.Debug|Any CPU.Build.0 = Debug|Any CPU
		{AD2B13A8-3CE4-48E0-9A71-44274AC1BF42}.Release|Any CPU.ActiveCfg = Release|Any CPU
		{AD2B13A8-3CE4-48E0-9A71-44274AC1BF42}.Release|Any CPU.Build.0 = Release|Any CPU
	EndGlobalSection
	GlobalSection(SolutionProperties) = preSolution
		HideSolutionNode = FALSE
	EndGlobalSection
	GlobalSection(ExtensibilityGlobals) = postSolution
		SolutionGuid = {5F88AAD3-88EF-4F28-9ACE-23EBDE87C90C}
	EndGlobalSection
EndGlobal
