
Microsoft Visual Studio Solution File, Format Version 12.00
# Visual Studio Version 16
VisualStudioVersion = 16.0.30002.166
MinimumVisualStudioVersion = 10.0.40219.1
Project("{FAE04EC0-301F-11D3-BF4B-00C04F79EFBC}") = "Entidades", "Entidades\Entidades.csproj", "{F4D8E15C-8FAF-4712-AEEB-C8159011ECE9}"
EndProject
Project("{FAE04EC0-301F-11D3-BF4B-00C04F79EFBC}") = "TestIndexadoresConsola", "TestIndexadoresConsola\TestIndexadoresConsola.csproj", "{861ACDD5-4598-4573-B3F1-67235EC7DA53}"
EndProject
Global
	GlobalSection(SolutionConfigurationPlatforms) = preSolution
		Debug|Any CPU = Debug|Any CPU
		Release|Any CPU = Release|Any CPU
	EndGlobalSection
	GlobalSection(ProjectConfigurationPlatforms) = postSolution
		{F4D8E15C-8FAF-4712-AEEB-C8159011ECE9}.Debug|Any CPU.ActiveCfg = Debug|Any CPU
		{F4D8E15C-8FAF-4712-AEEB-C8159011ECE9}.Debug|Any CPU.Build.0 = Debug|Any CPU
		{F4D8E15C-8FAF-4712-AEEB-C8159011ECE9}.Release|Any CPU.ActiveCfg = Release|Any CPU
		{F4D8E15C-8FAF-4712-AEEB-C8159011ECE9}.Release|Any CPU.Build.0 = Release|Any CPU
		{861ACDD5-4598-4573-B3F1-67235EC7DA53}.Debug|Any CPU.ActiveCfg = Debug|Any CPU
		{861ACDD5-4598-4573-B3F1-67235EC7DA53}.Debug|Any CPU.Build.0 = Debug|Any CPU
		{861ACDD5-4598-4573-B3F1-67235EC7DA53}.Release|Any CPU.ActiveCfg = Release|Any CPU
		{861ACDD5-4598-4573-B3F1-67235EC7DA53}.Release|Any CPU.Build.0 = Release|Any CPU
	EndGlobalSection
	GlobalSection(SolutionProperties) = preSolution
		HideSolutionNode = FALSE
	EndGlobalSection
	GlobalSection(ExtensibilityGlobals) = postSolution
		SolutionGuid = {BADD2543-31EA-4217-9BD6-E38C62090522}
	EndGlobalSection
EndGlobal
